
Microsoft Visual Studio Solution File, Format Version 12.00
# Visual Studio Version 16
VisualStudioVersion = 16.0.31313.79
MinimumVisualStudioVersion = 10.0.40219.1
Project("{9A19103F-16F7-4668-BE54-9A1E7A4F7556}") = "OmegaGroup.MathOperations.Abstractions", "OmegaGroup.MathOperations.Abstractions.csproj", "{54D59D87-F5DC-4CF8-9FF0-197C04A822DB}"
EndProject
Global
	GlobalSection(SolutionConfigurationPlatforms) = preSolution
		Debug|Any CPU = Debug|Any CPU
		Release|Any CPU = Release|Any CPU
	EndGlobalSection
	GlobalSection(ProjectConfigurationPlatforms) = postSolution
		{54D59D87-F5DC-4CF8-9FF0-197C04A822DB}.Debug|Any CPU.ActiveCfg = Debug|Any CPU
		{54D59D87-F5DC-4CF8-9FF0-197C04A822DB}.Debug|Any CPU.Build.0 = Debug|Any CPU
		{54D59D87-F5DC-4CF8-9FF0-197C04A822DB}.Release|Any CPU.ActiveCfg = Release|Any CPU
		{54D59D87-F5DC-4CF8-9FF0-197C04A822DB}.Release|Any CPU.Build.0 = Release|Any CPU
	EndGlobalSection
	GlobalSection(SolutionProperties) = preSolution
		HideSolutionNode = FALSE
	EndGlobalSection
	GlobalSection(ExtensibilityGlobals) = postSolution
		SolutionGuid = {D0B4B1D6-E79C-45F7-9228-941F4B6C259E}
	EndGlobalSection
EndGlobal
