
Microsoft Visual Studio Solution File, Format Version 12.00
# Visual Studio Version 16
VisualStudioVersion = 16.0.31313.79
MinimumVisualStudioVersion = 10.0.40219.1
Project("{9A19103F-16F7-4668-BE54-9A1E7A4F7556}") = "OmegaGroup.MathOperations", "OmegaGroup.MathOperations.csproj", "{503A66C7-A2C0-4A00-9278-51F8D23830A7}"
EndProject
Project("{FAE04EC0-301F-11D3-BF4B-00C04F79EFBC}") = "OmegaGroup.MathOperations.Tests", "..\OmegaGroup.MathOperations.Tests\OmegaGroup.MathOperations.Tests.csproj", "{97BB8F0E-1EA0-48DC-85CA-A77971AF47F1}"
EndProject
Global
	GlobalSection(SolutionConfigurationPlatforms) = preSolution
		Debug|Any CPU = Debug|Any CPU
		Release|Any CPU = Release|Any CPU
	EndGlobalSection
	GlobalSection(ProjectConfigurationPlatforms) = postSolution
		{503A66C7-A2C0-4A00-9278-51F8D23830A7}.Debug|Any CPU.ActiveCfg = Debug|Any CPU
		{503A66C7-A2C0-4A00-9278-51F8D23830A7}.Debug|Any CPU.Build.0 = Debug|Any CPU
		{503A66C7-A2C0-4A00-9278-51F8D23830A7}.Release|Any CPU.ActiveCfg = Release|Any CPU
		{503A66C7-A2C0-4A00-9278-51F8D23830A7}.Release|Any CPU.Build.0 = Release|Any CPU
		{97BB8F0E-1EA0-48DC-85CA-A77971AF47F1}.Debug|Any CPU.ActiveCfg = Debug|Any CPU
		{97BB8F0E-1EA0-48DC-85CA-A77971AF47F1}.Debug|Any CPU.Build.0 = Debug|Any CPU
		{97BB8F0E-1EA0-48DC-85CA-A77971AF47F1}.Release|Any CPU.ActiveCfg = Release|Any CPU
		{97BB8F0E-1EA0-48DC-85CA-A77971AF47F1}.Release|Any CPU.Build.0 = Release|Any CPU
	EndGlobalSection
	GlobalSection(SolutionProperties) = preSolution
		HideSolutionNode = FALSE
	EndGlobalSection
	GlobalSection(ExtensibilityGlobals) = postSolution
		SolutionGuid = {0CF1596B-0BA3-49A0-BB3C-A2B6EE8D72CA}
	EndGlobalSection
EndGlobal
