
Microsoft Visual Studio Solution File, Format Version 12.00
# Visual Studio Version 17
VisualStudioVersion = 17.0.32014.148
MinimumVisualStudioVersion = 10.0.40219.1
Project("{9A19103F-16F7-4668-BE54-9A1E7A4F7556}") = "SqLiteExampleWebApiV2", "SqLiteExampleWebApiV2.csproj", "{DD03D655-9CFD-4507-8E4E-3B1B2B9EDA5F}"
EndProject
Project("{FAE04EC0-301F-11D3-BF4B-00C04F79EFBC}") = "Repository", "Repository\Repository.csproj", "{068B079D-DEEF-41E3-936B-309B6AD2A4E7}"
EndProject
Project("{FAE04EC0-301F-11D3-BF4B-00C04F79EFBC}") = "Entities", "Entities\Entities.csproj", "{D2E01CCE-2323-4395-8300-C580B81FC2BD}"
EndProject
Global
	GlobalSection(SolutionConfigurationPlatforms) = preSolution
		Debug|Any CPU = Debug|Any CPU
		Release|Any CPU = Release|Any CPU
	EndGlobalSection
	GlobalSection(ProjectConfigurationPlatforms) = postSolution
		{DD03D655-9CFD-4507-8E4E-3B1B2B9EDA5F}.Debug|Any CPU.ActiveCfg = Debug|Any CPU
		{DD03D655-9CFD-4507-8E4E-3B1B2B9EDA5F}.Debug|Any CPU.Build.0 = Debug|Any CPU
		{DD03D655-9CFD-4507-8E4E-3B1B2B9EDA5F}.Release|Any CPU.ActiveCfg = Release|Any CPU
		{DD03D655-9CFD-4507-8E4E-3B1B2B9EDA5F}.Release|Any CPU.Build.0 = Release|Any CPU
		{068B079D-DEEF-41E3-936B-309B6AD2A4E7}.Debug|Any CPU.ActiveCfg = Debug|Any CPU
		{068B079D-DEEF-41E3-936B-309B6AD2A4E7}.Debug|Any CPU.Build.0 = Debug|Any CPU
		{068B079D-DEEF-41E3-936B-309B6AD2A4E7}.Release|Any CPU.ActiveCfg = Release|Any CPU
		{068B079D-DEEF-41E3-936B-309B6AD2A4E7}.Release|Any CPU.Build.0 = Release|Any CPU
		{D2E01CCE-2323-4395-8300-C580B81FC2BD}.Debug|Any CPU.ActiveCfg = Debug|Any CPU
		{D2E01CCE-2323-4395-8300-C580B81FC2BD}.Debug|Any CPU.Build.0 = Debug|Any CPU
		{D2E01CCE-2323-4395-8300-C580B81FC2BD}.Release|Any CPU.ActiveCfg = Release|Any CPU
		{D2E01CCE-2323-4395-8300-C580B81FC2BD}.Release|Any CPU.Build.0 = Release|Any CPU
	EndGlobalSection
	GlobalSection(SolutionProperties) = preSolution
		HideSolutionNode = FALSE
	EndGlobalSection
	GlobalSection(ExtensibilityGlobals) = postSolution
		SolutionGuid = {57527369-0D6E-48C6-9EA7-97938855FEF3}
	EndGlobalSection
EndGlobal
