
Microsoft Visual Studio Solution File, Format Version 12.00
# Visual Studio Version 16
VisualStudioVersion = 16.0.32106.194
MinimumVisualStudioVersion = 10.0.40219.1
Project("{FAE04EC0-301F-11D3-BF4B-00C04F79EFBC}") = "ChargingStationCore", "ChargingStationCore.csproj", "{28F4DFE2-9AFB-4C65-97B1-93639091ED53}"
EndProject
Project("{FAE04EC0-301F-11D3-BF4B-00C04F79EFBC}") = "ChargingStationTests", "..\ChargingStationTests\ChargingStationTests.csproj", "{ABCDFCAF-DDAE-4377-8344-67C0E9F080EC}"
EndProject
Global
	GlobalSection(SolutionConfigurationPlatforms) = preSolution
		Debug|Any CPU = Debug|Any CPU
		Release|Any CPU = Release|Any CPU
	EndGlobalSection
	GlobalSection(ProjectConfigurationPlatforms) = postSolution
		{28F4DFE2-9AFB-4C65-97B1-93639091ED53}.Debug|Any CPU.ActiveCfg = Debug|Any CPU
		{28F4DFE2-9AFB-4C65-97B1-93639091ED53}.Debug|Any CPU.Build.0 = Debug|Any CPU
		{28F4DFE2-9AFB-4C65-97B1-93639091ED53}.Release|Any CPU.ActiveCfg = Release|Any CPU
		{28F4DFE2-9AFB-4C65-97B1-93639091ED53}.Release|Any CPU.Build.0 = Release|Any CPU
		{ABCDFCAF-DDAE-4377-8344-67C0E9F080EC}.Debug|Any CPU.ActiveCfg = Debug|Any CPU
		{ABCDFCAF-DDAE-4377-8344-67C0E9F080EC}.Debug|Any CPU.Build.0 = Debug|Any CPU
		{ABCDFCAF-DDAE-4377-8344-67C0E9F080EC}.Release|Any CPU.ActiveCfg = Release|Any CPU
		{ABCDFCAF-DDAE-4377-8344-67C0E9F080EC}.Release|Any CPU.Build.0 = Release|Any CPU
	EndGlobalSection
	GlobalSection(SolutionProperties) = preSolution
		HideSolutionNode = FALSE
	EndGlobalSection
	GlobalSection(ExtensibilityGlobals) = postSolution
		SolutionGuid = {A9456ADC-A0D1-4D33-BEF7-3822808F6CEE}
	EndGlobalSection
EndGlobal
